
Microsoft Visual Studio Solution File, Format Version 12.00
# Visual Studio 15
VisualStudioVersion = 15.0.28010.2003
MinimumVisualStudioVersion = 10.0.40219.1
Project("{FAE04EC0-301F-11D3-BF4B-00C04F79EFBC}") = "Portfolio", "Portfolio\Portfolio.csproj", "{D7C251E3-C56E-45A6-A6B4-4B640F8815C3}"
EndProject
Global
	GlobalSection(SolutionConfigurationPlatforms) = preSolution
		Debug|Any CPU = Debug|Any CPU
		Release|Any CPU = Release|Any CPU
	EndGlobalSection
	GlobalSection(ProjectConfigurationPlatforms) = postSolution
		{D7C251E3-C56E-45A6-A6B4-4B640F8815C3}.Debug|Any CPU.ActiveCfg = Debug|Any CPU
		{D7C251E3-C56E-45A6-A6B4-4B640F8815C3}.Debug|Any CPU.Build.0 = Debug|Any CPU
		{D7C251E3-C56E-45A6-A6B4-4B640F8815C3}.Release|Any CPU.ActiveCfg = Release|Any CPU
		{D7C251E3-C56E-45A6-A6B4-4B640F8815C3}.Release|Any CPU.Build.0 = Release|Any CPU
	EndGlobalSection
	GlobalSection(SolutionProperties) = preSolution
		HideSolutionNode = FALSE
	EndGlobalSection
	GlobalSection(ExtensibilityGlobals) = postSolution
		SolutionGuid = {7D736B16-3911-4CB1-820D-9EB8835EA790}
	EndGlobalSection
EndGlobal
